
Microsoft Visual Studio Solution File, Format Version 12.00
# Visual Studio Version 17
VisualStudioVersion = 17.2.32505.173
MinimumVisualStudioVersion = 10.0.40219.1
Project("{FAE04EC0-301F-11D3-BF4B-00C04F79EFBC}") = "Singleton_Design_pattern", "Singleton_Design_pattern.csproj", "{A50944CB-300F-446D-A946-BB3B60A7FD56}"
EndProject
Global
	GlobalSection(SolutionConfigurationPlatforms) = preSolution
		Debug|Any CPU = Debug|Any CPU
		Release|Any CPU = Release|Any CPU
	EndGlobalSection
	GlobalSection(ProjectConfigurationPlatforms) = postSolution
		{A50944CB-300F-446D-A946-BB3B60A7FD56}.Debug|Any CPU.ActiveCfg = Debug|Any CPU
		{A50944CB-300F-446D-A946-BB3B60A7FD56}.Debug|Any CPU.Build.0 = Debug|Any CPU
		{A50944CB-300F-446D-A946-BB3B60A7FD56}.Release|Any CPU.ActiveCfg = Release|Any CPU
		{A50944CB-300F-446D-A946-BB3B60A7FD56}.Release|Any CPU.Build.0 = Release|Any CPU
	EndGlobalSection
	GlobalSection(SolutionProperties) = preSolution
		HideSolutionNode = FALSE
	EndGlobalSection
	GlobalSection(ExtensibilityGlobals) = postSolution
		SolutionGuid = {EE0AC184-7241-4A82-8BFE-1400572345AD}
	EndGlobalSection
EndGlobal
